
Microsoft Visual Studio Solution File, Format Version 12.00
# Visual Studio Version 16
VisualStudioVersion = 16.0.29209.62
MinimumVisualStudioVersion = 10.0.40219.1
Project("{2150E333-8FDC-42A3-9474-1A3956D46DE8}") = "Tests", "Tests", "{D334D069-38C0-4ACB-B707-078A15801B47}"
EndProject
Project("{2150E333-8FDC-42A3-9474-1A3956D46DE8}") = "Base", "Base", "{7B0610D3-90C5-4FB3-94C3-880C50E208E8}"
EndProject
Project("{6EC3EE1D-3C4E-46DD-8F32-0CC8E7565705}") = "Canaan.Base.Fs", "Base\Canaan.Base.Fs\Canaan.Base.Fs.fsproj", "{5330B71F-BD0E-4A3D-AE02-02E0784C652B}"
EndProject
Project("{2150E333-8FDC-42A3-9474-1A3956D46DE8}") = "Loggers", "Loggers", "{F1A77A3C-0D6D-4C4B-9CBA-A6CD45FC9261}"
EndProject
Project("{9A19103F-16F7-4668-BE54-9A1E7A4F7556}") = "Canaan.Logger.Serilog", "Loggers\Canaan.Logger.Serilog\Canaan.Logger.Serilog.csproj", "{86A5129E-E3E8-48F6-8176-85664DFC54EC}"
EndProject
Project("{9A19103F-16F7-4668-BE54-9A1E7A4F7556}") = "Canaan.Tests.Base", "..\tests\Canaan.Tests.Base\Canaan.Tests.Base.csproj", "{2ACC3337-9470-4443-9E71-B6F74A01281F}"
EndProject
Project("{9A19103F-16F7-4668-BE54-9A1E7A4F7556}") = "Canaan.Tests.Loggers", "..\tests\Canaan.Tests.Loggers\Canaan.Tests.Loggers.csproj", "{EEDAE73F-5A31-4DDE-98D8-1F900BAC1E18}"
EndProject
Project("{9A19103F-16F7-4668-BE54-9A1E7A4F7556}") = "Canaan.Base", "Base\Canaan.Base\Canaan.Base.csproj", "{9E2CF36F-577B-4101-9122-06BC2E05C9DC}"
EndProject
Project("{2150E333-8FDC-42A3-9474-1A3956D46DE8}") = "Aggregators", "Aggregators", "{F701CACF-59E9-45C1-81EE-206CD2C63B07}"
EndProject
Project("{9A19103F-16F7-4668-BE54-9A1E7A4F7556}") = "Canaan.Tests.Aggregators", "..\tests\Canaan.Tests.Aggregators\Canaan.Tests.Aggregators.csproj", "{E5514617-EE5D-4936-AAC8-2ADA3325C783}"
EndProject
Project("{9A19103F-16F7-4668-BE54-9A1E7A4F7556}") = "Canaan.Aggregator.BingNews", "Aggregators\Canaan.Aggregator.BingNews\Canaan.Aggregator.BingNews.csproj", "{F2CE2418-6319-4529-9E09-64DB8E7B9325}"
EndProject
Project("{2150E333-8FDC-42A3-9474-1A3956D46DE8}") = "Extractors", "Extractors", "{0FF5BA94-B568-4336-91E6-96D864358CC3}"
EndProject
Project("{9A19103F-16F7-4668-BE54-9A1E7A4F7556}") = "Canaan.Extractor.WebScraper", "Extractors\Canaan.Extractor.WebScraper\Canaan.Extractor.WebScraper.csproj", "{C02938B9-0BCF-44DD-99FC-0EC32AB81E29}"
EndProject
Project("{2150E333-8FDC-42A3-9474-1A3956D46DE8}") = "Scripts", "Scripts", "{89DC3CE1-D090-4C86-A460-90217AD4254C}"
	ProjectSection(SolutionItems) = preProject
		Scripts\ExtractMercurySelectors.fsx = Scripts\ExtractMercurySelectors.fsx
	EndProjectSection
EndProject
Project("{9A19103F-16F7-4668-BE54-9A1E7A4F7556}") = "Canaan.Tests.Extractors", "..\tests\Canaan.Tests.Extractors\Canaan.Tests.Extractors.csproj", "{C53B0F27-F723-4575-90B3-EC220C325622}"
EndProject
Project("{9A19103F-16F7-4668-BE54-9A1E7A4F7556}") = "Canaan.Aggregator.NewsAPI", "Aggregators\Canaan.Aggregator.NewsAPI\Canaan.Aggregator.NewsAPI.csproj", "{03EAA3F3-616A-4BCD-896B-0F1DB602B670}"
EndProject
Project("{2150E333-8FDC-42A3-9474-1A3956D46DE8}") = "External", "External", "{BD5C3DEB-3B1C-4811-ACFC-9B12B16D8517}"
EndProject
Project("{9A19103F-16F7-4668-BE54-9A1E7A4F7556}") = "NewsAPI", "..\ext\News-API-csharp\NewsAPI\NewsAPI.csproj", "{EB5AA27B-7CBE-4823-BC02-A595FC8F4412}"
EndProject
Project("{9A19103F-16F7-4668-BE54-9A1E7A4F7556}") = "Canaan.Extractors.ContentSelectors.Cli", "Extractors\Canaan.Extractors.ContentSelectors.Cli\Canaan.Extractors.ContentSelectors.Cli.csproj", "{E8268694-D42B-424C-9915-02AF2B8FD617}"
EndProject
Project("{2150E333-8FDC-42A3-9474-1A3956D46DE8}") = "Storage", "Storage", "{94F395E4-3055-4FA6-BF35-AD366F393C75}"
EndProject
Project("{9A19103F-16F7-4668-BE54-9A1E7A4F7556}") = "Canaan.Storage.CosmosDB", "Storage\Canaan.Storage.CosmosDB\Canaan.Storage.CosmosDB.csproj", "{E08B16AA-DD29-4A2B-80C4-A1A497EDF4E9}"
EndProject
Project("{2150E333-8FDC-42A3-9474-1A3956D46DE8}") = "Analyzers", "Analyzers", "{6991FE18-425A-4764-9C89-B143BF19B3A6}"
EndProject
Project("{2150E333-8FDC-42A3-9474-1A3956D46DE8}") = "SemanticTaggers", "SemanticTaggers", "{474C1B44-E015-4ECD-812C-EB920158718E}"
EndProject
Project("{9A19103F-16F7-4668-BE54-9A1E7A4F7556}") = "Canaan.SemanticTagger.OpenCalais", "Analyzers\SemanticTaggers\Canaan.SemanticTagger.OpenCalais\Canaan.SemanticTagger.OpenCalais.csproj", "{F679C65F-840A-4F11-9A0F-4DC626AA3E71}"
EndProject
Project("{9A19103F-16F7-4668-BE54-9A1E7A4F7556}") = "Canaan.Aggregator.FourChan", "Aggregators\Canaan.Aggregator.FourChan\Canaan.Aggregator.FourChan.csproj", "{CCD80165-ED86-4039-8E25-7655453421F8}"
EndProject
Project("{9A19103F-16F7-4668-BE54-9A1E7A4F7556}") = "Canaan.Aggregator.Reddit", "Aggregators\Canaan.Aggregator.Reddit\Canaan.Aggregator.Reddit.csproj", "{D46E6F1E-7EA3-4591-9EB8-EF932F93218E}"
EndProject
Project("{9A19103F-16F7-4668-BE54-9A1E7A4F7556}") = "Canaan.Tests.Storage", "..\tests\Canaan.Tests.Storage\Canaan.Tests.Storage.csproj", "{4A4E3F70-F1B5-492C-8B36-BEE4EC7E6D70}"
EndProject
Project("{2150E333-8FDC-42A3-9474-1A3956D46DE8}") = "Pipelines", "Pipelines", "{E5174E9E-3815-48D7-AB82-A386D47CF710}"
EndProject
Project("{2150E333-8FDC-42A3-9474-1A3956D46DE8}") = "NewsAlpha", "NewsAlpha", "{4D9A5C60-BFE8-4C67-9989-E3D75C447D3D}"
EndProject
Project("{9A19103F-16F7-4668-BE54-9A1E7A4F7556}") = "NewsAlpha.CLI", "Pipelines\NewsAlpha\NewsAlpha.CLI\NewsAlpha.CLI.csproj", "{11A62771-8EFC-4EC7-8E0E-2D31B57E52F3}"
EndProject
Project("{9A19103F-16F7-4668-BE54-9A1E7A4F7556}") = "NewsAlpha.Pipelines.Azure.FourChan", "Pipelines\NewsAlpha\NewsAlpha.Pipelines.Azure.FourChan\NewsAlpha.Pipelines.Azure.FourChan.csproj", "{D984C8C7-6860-4209-A796-2B76D06B4ED4}"
EndProject
Project("{2150E333-8FDC-42A3-9474-1A3956D46DE8}") = "LexicalTaggers", "LexicalTaggers", "{C7DA13FA-4B61-4479-9EA8-A350BF420B42}"
EndProject
Project("{9A19103F-16F7-4668-BE54-9A1E7A4F7556}") = "Canaan.LexicalTagger.HateWords", "Analyzers\LexicalTaggers\Canaan.LexicalTagger.HateWords\Canaan.LexicalTagger.HateWords.csproj", "{EAB7C78A-2F9A-4093-B806-6EE3CC488EA8}"
EndProject
Project("{9A19103F-16F7-4668-BE54-9A1E7A4F7556}") = "NewsAlpha.Pipelines.Azure.BingNews", "Pipelines\NewsAlpha\NewsAlpha.Pipelines.Azure.BingNews\NewsAlpha.Pipelines.Azure.BingNews.csproj", "{798ACA45-3BD1-489F-A912-77014F103AD6}"
EndProject
Project("{9A19103F-16F7-4668-BE54-9A1E7A4F7556}") = "Canaan.Aggregator.Gab", "Aggregators\Canaan.Aggregator.Gab\Canaan.Aggregator.Gab.csproj", "{D18A34BD-D295-4CBE-8DEF-AC4398241D71}"
EndProject
Project("{9A19103F-16F7-4668-BE54-9A1E7A4F7556}") = "NewsAlpha.Pipelines.Azure.Gab", "Pipelines\NewsAlpha\NewsAlpha.Pipelines.Azure.Gab\NewsAlpha.Pipelines.Azure.Gab.csproj", "{595E5989-9605-43BC-AC7A-60DDD294EC40}"
EndProject
Project("{2150E333-8FDC-42A3-9474-1A3956D46DE8}") = "ComputerVision", "ComputerVision", "{3A7E9DDF-F5F4-415C-97B2-019BF06E651F}"
EndProject
Project("{9A19103F-16F7-4668-BE54-9A1E7A4F7556}") = "Canaan.ComputerVision.AzureComputerVision", "Analyzers\ComputerVision\Canaan.ComputerVision.AzureComputerVision\Canaan.ComputerVision.AzureComputerVision.csproj", "{E819F7E5-7EFC-4D81-9269-DD18ECA0C0F1}"
EndProject
Project("{2150E333-8FDC-42A3-9474-1A3956D46DE8}") = "Text", "Text", "{7FB0AFDA-0538-4F47-9A26-7906F82BD551}"
EndProject
Project("{9A19103F-16F7-4668-BE54-9A1E7A4F7556}") = "Canaan.NLP.AzureTextAnalytics", "Analyzers\NLP\Canaan.NLP.AzureTextAnalytics\Canaan.NLP.AzureTextAnalytics.csproj", "{C1674462-4B30-4E94-83EF-71E8054AB69D}"
EndProject
Project("{2150E333-8FDC-42A3-9474-1A3956D46DE8}") = "NLU", "NLU", "{767A8ABC-3B0A-495D-908A-64F738B12C92}"
EndProject
Project("{9A19103F-16F7-4668-BE54-9A1E7A4F7556}") = "Canaan.NLU.AzureLUIS", "Analyzers\NLU\Canaan.NLU.AzureLUIS\Canaan.NLU.AzureLUIS.csproj", "{7F71883F-5D28-492C-BBE3-CB702BCF34F6}"
EndProject
Global
	GlobalSection(SolutionConfigurationPlatforms) = preSolution
		Debug|Any CPU = Debug|Any CPU
		Release|Any CPU = Release|Any CPU
	EndGlobalSection
	GlobalSection(ProjectConfigurationPlatforms) = postSolution
		{5330B71F-BD0E-4A3D-AE02-02E0784C652B}.Debug|Any CPU.ActiveCfg = Debug|Any CPU
		{5330B71F-BD0E-4A3D-AE02-02E0784C652B}.Debug|Any CPU.Build.0 = Debug|Any CPU
		{5330B71F-BD0E-4A3D-AE02-02E0784C652B}.Release|Any CPU.ActiveCfg = Release|Any CPU
		{5330B71F-BD0E-4A3D-AE02-02E0784C652B}.Release|Any CPU.Build.0 = Release|Any CPU
		{86A5129E-E3E8-48F6-8176-85664DFC54EC}.Debug|Any CPU.ActiveCfg = Debug|Any CPU
		{86A5129E-E3E8-48F6-8176-85664DFC54EC}.Debug|Any CPU.Build.0 = Debug|Any CPU
		{86A5129E-E3E8-48F6-8176-85664DFC54EC}.Release|Any CPU.ActiveCfg = Release|Any CPU
		{86A5129E-E3E8-48F6-8176-85664DFC54EC}.Release|Any CPU.Build.0 = Release|Any CPU
		{2ACC3337-9470-4443-9E71-B6F74A01281F}.Debug|Any CPU.ActiveCfg = Debug|Any CPU
		{2ACC3337-9470-4443-9E71-B6F74A01281F}.Debug|Any CPU.Build.0 = Debug|Any CPU
		{2ACC3337-9470-4443-9E71-B6F74A01281F}.Release|Any CPU.ActiveCfg = Release|Any CPU
		{2ACC3337-9470-4443-9E71-B6F74A01281F}.Release|Any CPU.Build.0 = Release|Any CPU
		{EEDAE73F-5A31-4DDE-98D8-1F900BAC1E18}.Debug|Any CPU.ActiveCfg = Debug|Any CPU
		{EEDAE73F-5A31-4DDE-98D8-1F900BAC1E18}.Debug|Any CPU.Build.0 = Debug|Any CPU
		{EEDAE73F-5A31-4DDE-98D8-1F900BAC1E18}.Release|Any CPU.ActiveCfg = Release|Any CPU
		{EEDAE73F-5A31-4DDE-98D8-1F900BAC1E18}.Release|Any CPU.Build.0 = Release|Any CPU
		{9E2CF36F-577B-4101-9122-06BC2E05C9DC}.Debug|Any CPU.ActiveCfg = Debug|Any CPU
		{9E2CF36F-577B-4101-9122-06BC2E05C9DC}.Debug|Any CPU.Build.0 = Debug|Any CPU
		{9E2CF36F-577B-4101-9122-06BC2E05C9DC}.Release|Any CPU.ActiveCfg = Release|Any CPU
		{9E2CF36F-577B-4101-9122-06BC2E05C9DC}.Release|Any CPU.Build.0 = Release|Any CPU
		{E5514617-EE5D-4936-AAC8-2ADA3325C783}.Debug|Any CPU.ActiveCfg = Debug|Any CPU
		{E5514617-EE5D-4936-AAC8-2ADA3325C783}.Debug|Any CPU.Build.0 = Debug|Any CPU
		{E5514617-EE5D-4936-AAC8-2ADA3325C783}.Release|Any CPU.ActiveCfg = Release|Any CPU
		{E5514617-EE5D-4936-AAC8-2ADA3325C783}.Release|Any CPU.Build.0 = Release|Any CPU
		{F2CE2418-6319-4529-9E09-64DB8E7B9325}.Debug|Any CPU.ActiveCfg = Debug|Any CPU
		{F2CE2418-6319-4529-9E09-64DB8E7B9325}.Debug|Any CPU.Build.0 = Debug|Any CPU
		{F2CE2418-6319-4529-9E09-64DB8E7B9325}.Release|Any CPU.ActiveCfg = Release|Any CPU
		{F2CE2418-6319-4529-9E09-64DB8E7B9325}.Release|Any CPU.Build.0 = Release|Any CPU
		{C02938B9-0BCF-44DD-99FC-0EC32AB81E29}.Debug|Any CPU.ActiveCfg = Debug|Any CPU
		{C02938B9-0BCF-44DD-99FC-0EC32AB81E29}.Debug|Any CPU.Build.0 = Debug|Any CPU
		{C02938B9-0BCF-44DD-99FC-0EC32AB81E29}.Release|Any CPU.ActiveCfg = Release|Any CPU
		{C02938B9-0BCF-44DD-99FC-0EC32AB81E29}.Release|Any CPU.Build.0 = Release|Any CPU
		{C53B0F27-F723-4575-90B3-EC220C325622}.Debug|Any CPU.ActiveCfg = Debug|Any CPU
		{C53B0F27-F723-4575-90B3-EC220C325622}.Debug|Any CPU.Build.0 = Debug|Any CPU
		{C53B0F27-F723-4575-90B3-EC220C325622}.Release|Any CPU.ActiveCfg = Release|Any CPU
		{C53B0F27-F723-4575-90B3-EC220C325622}.Release|Any CPU.Build.0 = Release|Any CPU
		{03EAA3F3-616A-4BCD-896B-0F1DB602B670}.Debug|Any CPU.ActiveCfg = Debug|Any CPU
		{03EAA3F3-616A-4BCD-896B-0F1DB602B670}.Debug|Any CPU.Build.0 = Debug|Any CPU
		{03EAA3F3-616A-4BCD-896B-0F1DB602B670}.Release|Any CPU.ActiveCfg = Release|Any CPU
		{03EAA3F3-616A-4BCD-896B-0F1DB602B670}.Release|Any CPU.Build.0 = Release|Any CPU
		{EB5AA27B-7CBE-4823-BC02-A595FC8F4412}.Debug|Any CPU.ActiveCfg = Debug|Any CPU
		{EB5AA27B-7CBE-4823-BC02-A595FC8F4412}.Debug|Any CPU.Build.0 = Debug|Any CPU
		{EB5AA27B-7CBE-4823-BC02-A595FC8F4412}.Release|Any CPU.ActiveCfg = Release|Any CPU
		{EB5AA27B-7CBE-4823-BC02-A595FC8F4412}.Release|Any CPU.Build.0 = Release|Any CPU
		{E8268694-D42B-424C-9915-02AF2B8FD617}.Debug|Any CPU.ActiveCfg = Debug|Any CPU
		{E8268694-D42B-424C-9915-02AF2B8FD617}.Debug|Any CPU.Build.0 = Debug|Any CPU
		{E8268694-D42B-424C-9915-02AF2B8FD617}.Release|Any CPU.ActiveCfg = Release|Any CPU
		{E8268694-D42B-424C-9915-02AF2B8FD617}.Release|Any CPU.Build.0 = Release|Any CPU
		{E08B16AA-DD29-4A2B-80C4-A1A497EDF4E9}.Debug|Any CPU.ActiveCfg = Debug|Any CPU
		{E08B16AA-DD29-4A2B-80C4-A1A497EDF4E9}.Debug|Any CPU.Build.0 = Debug|Any CPU
		{E08B16AA-DD29-4A2B-80C4-A1A497EDF4E9}.Release|Any CPU.ActiveCfg = Release|Any CPU
		{E08B16AA-DD29-4A2B-80C4-A1A497EDF4E9}.Release|Any CPU.Build.0 = Release|Any CPU
		{F679C65F-840A-4F11-9A0F-4DC626AA3E71}.Debug|Any CPU.ActiveCfg = Debug|Any CPU
		{F679C65F-840A-4F11-9A0F-4DC626AA3E71}.Debug|Any CPU.Build.0 = Debug|Any CPU
		{F679C65F-840A-4F11-9A0F-4DC626AA3E71}.Release|Any CPU.ActiveCfg = Release|Any CPU
		{F679C65F-840A-4F11-9A0F-4DC626AA3E71}.Release|Any CPU.Build.0 = Release|Any CPU
		{CCD80165-ED86-4039-8E25-7655453421F8}.Debug|Any CPU.ActiveCfg = Debug|Any CPU
		{CCD80165-ED86-4039-8E25-7655453421F8}.Debug|Any CPU.Build.0 = Debug|Any CPU
		{CCD80165-ED86-4039-8E25-7655453421F8}.Release|Any CPU.ActiveCfg = Release|Any CPU
		{CCD80165-ED86-4039-8E25-7655453421F8}.Release|Any CPU.Build.0 = Release|Any CPU
		{D46E6F1E-7EA3-4591-9EB8-EF932F93218E}.Debug|Any CPU.ActiveCfg = Debug|Any CPU
		{D46E6F1E-7EA3-4591-9EB8-EF932F93218E}.Debug|Any CPU.Build.0 = Debug|Any CPU
		{D46E6F1E-7EA3-4591-9EB8-EF932F93218E}.Release|Any CPU.ActiveCfg = Release|Any CPU
		{D46E6F1E-7EA3-4591-9EB8-EF932F93218E}.Release|Any CPU.Build.0 = Release|Any CPU
		{4A4E3F70-F1B5-492C-8B36-BEE4EC7E6D70}.Debug|Any CPU.ActiveCfg = Debug|Any CPU
		{4A4E3F70-F1B5-492C-8B36-BEE4EC7E6D70}.Debug|Any CPU.Build.0 = Debug|Any CPU
		{4A4E3F70-F1B5-492C-8B36-BEE4EC7E6D70}.Release|Any CPU.ActiveCfg = Release|Any CPU
		{4A4E3F70-F1B5-492C-8B36-BEE4EC7E6D70}.Release|Any CPU.Build.0 = Release|Any CPU
		{11A62771-8EFC-4EC7-8E0E-2D31B57E52F3}.Debug|Any CPU.ActiveCfg = Debug|Any CPU
		{11A62771-8EFC-4EC7-8E0E-2D31B57E52F3}.Debug|Any CPU.Build.0 = Debug|Any CPU
		{11A62771-8EFC-4EC7-8E0E-2D31B57E52F3}.Release|Any CPU.ActiveCfg = Release|Any CPU
		{11A62771-8EFC-4EC7-8E0E-2D31B57E52F3}.Release|Any CPU.Build.0 = Release|Any CPU
		{D984C8C7-6860-4209-A796-2B76D06B4ED4}.Debug|Any CPU.ActiveCfg = Debug|Any CPU
		{D984C8C7-6860-4209-A796-2B76D06B4ED4}.Debug|Any CPU.Build.0 = Debug|Any CPU
		{D984C8C7-6860-4209-A796-2B76D06B4ED4}.Release|Any CPU.ActiveCfg = Release|Any CPU
		{D984C8C7-6860-4209-A796-2B76D06B4ED4}.Release|Any CPU.Build.0 = Release|Any CPU
		{EAB7C78A-2F9A-4093-B806-6EE3CC488EA8}.Debug|Any CPU.ActiveCfg = Debug|Any CPU
		{EAB7C78A-2F9A-4093-B806-6EE3CC488EA8}.Debug|Any CPU.Build.0 = Debug|Any CPU
		{EAB7C78A-2F9A-4093-B806-6EE3CC488EA8}.Release|Any CPU.ActiveCfg = Release|Any CPU
		{EAB7C78A-2F9A-4093-B806-6EE3CC488EA8}.Release|Any CPU.Build.0 = Release|Any CPU
		{798ACA45-3BD1-489F-A912-77014F103AD6}.Debug|Any CPU.ActiveCfg = Debug|Any CPU
		{798ACA45-3BD1-489F-A912-77014F103AD6}.Debug|Any CPU.Build.0 = Debug|Any CPU
		{798ACA45-3BD1-489F-A912-77014F103AD6}.Release|Any CPU.ActiveCfg = Release|Any CPU
		{798ACA45-3BD1-489F-A912-77014F103AD6}.Release|Any CPU.Build.0 = Release|Any CPU
		{D18A34BD-D295-4CBE-8DEF-AC4398241D71}.Debug|Any CPU.ActiveCfg = Debug|Any CPU
		{D18A34BD-D295-4CBE-8DEF-AC4398241D71}.Debug|Any CPU.Build.0 = Debug|Any CPU
		{D18A34BD-D295-4CBE-8DEF-AC4398241D71}.Release|Any CPU.ActiveCfg = Release|Any CPU
		{D18A34BD-D295-4CBE-8DEF-AC4398241D71}.Release|Any CPU.Build.0 = Release|Any CPU
		{595E5989-9605-43BC-AC7A-60DDD294EC40}.Debug|Any CPU.ActiveCfg = Debug|Any CPU
		{595E5989-9605-43BC-AC7A-60DDD294EC40}.Debug|Any CPU.Build.0 = Debug|Any CPU
		{595E5989-9605-43BC-AC7A-60DDD294EC40}.Release|Any CPU.ActiveCfg = Release|Any CPU
		{595E5989-9605-43BC-AC7A-60DDD294EC40}.Release|Any CPU.Build.0 = Release|Any CPU
		{E819F7E5-7EFC-4D81-9269-DD18ECA0C0F1}.Debug|Any CPU.ActiveCfg = Debug|Any CPU
		{E819F7E5-7EFC-4D81-9269-DD18ECA0C0F1}.Debug|Any CPU.Build.0 = Debug|Any CPU
		{E819F7E5-7EFC-4D81-9269-DD18ECA0C0F1}.Release|Any CPU.ActiveCfg = Release|Any CPU
		{E819F7E5-7EFC-4D81-9269-DD18ECA0C0F1}.Release|Any CPU.Build.0 = Release|Any CPU
		{C1674462-4B30-4E94-83EF-71E8054AB69D}.Debug|Any CPU.ActiveCfg = Debug|Any CPU
		{C1674462-4B30-4E94-83EF-71E8054AB69D}.Debug|Any CPU.Build.0 = Debug|Any CPU
		{C1674462-4B30-4E94-83EF-71E8054AB69D}.Release|Any CPU.ActiveCfg = Release|Any CPU
		{C1674462-4B30-4E94-83EF-71E8054AB69D}.Release|Any CPU.Build.0 = Release|Any CPU
		{7F71883F-5D28-492C-BBE3-CB702BCF34F6}.Debug|Any CPU.ActiveCfg = Debug|Any CPU
		{7F71883F-5D28-492C-BBE3-CB702BCF34F6}.Debug|Any CPU.Build.0 = Debug|Any CPU
		{7F71883F-5D28-492C-BBE3-CB702BCF34F6}.Release|Any CPU.ActiveCfg = Release|Any CPU
		{7F71883F-5D28-492C-BBE3-CB702BCF34F6}.Release|Any CPU.Build.0 = Release|Any CPU
	EndGlobalSection
	GlobalSection(SolutionProperties) = preSolution
		HideSolutionNode = FALSE
	EndGlobalSection
	GlobalSection(NestedProjects) = preSolution
		{5330B71F-BD0E-4A3D-AE02-02E0784C652B} = {7B0610D3-90C5-4FB3-94C3-880C50E208E8}
		{86A5129E-E3E8-48F6-8176-85664DFC54EC} = {F1A77A3C-0D6D-4C4B-9CBA-A6CD45FC9261}
		{2ACC3337-9470-4443-9E71-B6F74A01281F} = {D334D069-38C0-4ACB-B707-078A15801B47}
		{EEDAE73F-5A31-4DDE-98D8-1F900BAC1E18} = {D334D069-38C0-4ACB-B707-078A15801B47}
		{9E2CF36F-577B-4101-9122-06BC2E05C9DC} = {7B0610D3-90C5-4FB3-94C3-880C50E208E8}
		{E5514617-EE5D-4936-AAC8-2ADA3325C783} = {D334D069-38C0-4ACB-B707-078A15801B47}
		{F2CE2418-6319-4529-9E09-64DB8E7B9325} = {F701CACF-59E9-45C1-81EE-206CD2C63B07}
		{C02938B9-0BCF-44DD-99FC-0EC32AB81E29} = {0FF5BA94-B568-4336-91E6-96D864358CC3}
		{C53B0F27-F723-4575-90B3-EC220C325622} = {D334D069-38C0-4ACB-B707-078A15801B47}
		{03EAA3F3-616A-4BCD-896B-0F1DB602B670} = {F701CACF-59E9-45C1-81EE-206CD2C63B07}
		{EB5AA27B-7CBE-4823-BC02-A595FC8F4412} = {BD5C3DEB-3B1C-4811-ACFC-9B12B16D8517}
		{E8268694-D42B-424C-9915-02AF2B8FD617} = {0FF5BA94-B568-4336-91E6-96D864358CC3}
		{E08B16AA-DD29-4A2B-80C4-A1A497EDF4E9} = {94F395E4-3055-4FA6-BF35-AD366F393C75}
		{474C1B44-E015-4ECD-812C-EB920158718E} = {6991FE18-425A-4764-9C89-B143BF19B3A6}
		{F679C65F-840A-4F11-9A0F-4DC626AA3E71} = {474C1B44-E015-4ECD-812C-EB920158718E}
		{CCD80165-ED86-4039-8E25-7655453421F8} = {F701CACF-59E9-45C1-81EE-206CD2C63B07}
		{D46E6F1E-7EA3-4591-9EB8-EF932F93218E} = {F701CACF-59E9-45C1-81EE-206CD2C63B07}
		{4A4E3F70-F1B5-492C-8B36-BEE4EC7E6D70} = {D334D069-38C0-4ACB-B707-078A15801B47}
		{4D9A5C60-BFE8-4C67-9989-E3D75C447D3D} = {E5174E9E-3815-48D7-AB82-A386D47CF710}
		{11A62771-8EFC-4EC7-8E0E-2D31B57E52F3} = {4D9A5C60-BFE8-4C67-9989-E3D75C447D3D}
		{D984C8C7-6860-4209-A796-2B76D06B4ED4} = {4D9A5C60-BFE8-4C67-9989-E3D75C447D3D}
		{C7DA13FA-4B61-4479-9EA8-A350BF420B42} = {6991FE18-425A-4764-9C89-B143BF19B3A6}
		{EAB7C78A-2F9A-4093-B806-6EE3CC488EA8} = {C7DA13FA-4B61-4479-9EA8-A350BF420B42}
		{798ACA45-3BD1-489F-A912-77014F103AD6} = {4D9A5C60-BFE8-4C67-9989-E3D75C447D3D}
		{D18A34BD-D295-4CBE-8DEF-AC4398241D71} = {F701CACF-59E9-45C1-81EE-206CD2C63B07}
		{595E5989-9605-43BC-AC7A-60DDD294EC40} = {4D9A5C60-BFE8-4C67-9989-E3D75C447D3D}
		{3A7E9DDF-F5F4-415C-97B2-019BF06E651F} = {6991FE18-425A-4764-9C89-B143BF19B3A6}
		{E819F7E5-7EFC-4D81-9269-DD18ECA0C0F1} = {3A7E9DDF-F5F4-415C-97B2-019BF06E651F}
		{7FB0AFDA-0538-4F47-9A26-7906F82BD551} = {6991FE18-425A-4764-9C89-B143BF19B3A6}
		{C1674462-4B30-4E94-83EF-71E8054AB69D} = {7FB0AFDA-0538-4F47-9A26-7906F82BD551}
		{767A8ABC-3B0A-495D-908A-64F738B12C92} = {6991FE18-425A-4764-9C89-B143BF19B3A6}
		{7F71883F-5D28-492C-BBE3-CB702BCF34F6} = {767A8ABC-3B0A-495D-908A-64F738B12C92}
	EndGlobalSection
	GlobalSection(ExtensibilityGlobals) = postSolution
		SolutionGuid = {9DC3F2E7-0877-4A12-B952-008477D8DEB6}
	EndGlobalSection
EndGlobal
