
Microsoft Visual Studio Solution File, Format Version 12.00
# Visual Studio Version 16
VisualStudioVersion = 16.0.29209.62
MinimumVisualStudioVersion = 10.0.40219.1
Project("{2150E333-8FDC-42A3-9474-1A3956D46DE8}") = "Tests", "Tests", "{D334D069-38C0-4ACB-B707-078A15801B47}"
EndProject
Project("{2150E333-8FDC-42A3-9474-1A3956D46DE8}") = "Base", "Base", "{7B0610D3-90C5-4FB3-94C3-880C50E208E8}"
EndProject
Project("{6EC3EE1D-3C4E-46DD-8F32-0CC8E7565705}") = "Canaan.Base.Fs", "Base\Canaan.Base.Fs\Canaan.Base.Fs.fsproj", "{5330B71F-BD0E-4A3D-AE02-02E0784C652B}"
EndProject
Project("{2150E333-8FDC-42A3-9474-1A3956D46DE8}") = "Loggers", "Loggers", "{F1A77A3C-0D6D-4C4B-9CBA-A6CD45FC9261}"
EndProject
Project("{9A19103F-16F7-4668-BE54-9A1E7A4F7556}") = "Canaan.Logger.Serilog", "Loggers\Canaan.Logger.Serilog\Canaan.Logger.Serilog.csproj", "{86A5129E-E3E8-48F6-8176-85664DFC54EC}"
EndProject
Project("{9A19103F-16F7-4668-BE54-9A1E7A4F7556}") = "Canaan.Tests.Base", "..\tests\Canaan.Tests.Base\Canaan.Tests.Base.csproj", "{2ACC3337-9470-4443-9E71-B6F74A01281F}"
EndProject
Project("{9A19103F-16F7-4668-BE54-9A1E7A4F7556}") = "Canaan.Tests.Loggers", "..\tests\Canaan.Tests.Loggers\Canaan.Tests.Loggers.csproj", "{EEDAE73F-5A31-4DDE-98D8-1F900BAC1E18}"
EndProject
Project("{9A19103F-16F7-4668-BE54-9A1E7A4F7556}") = "Canaan.Base", "Base\Canaan.Base\Canaan.Base.csproj", "{9E2CF36F-577B-4101-9122-06BC2E05C9DC}"
EndProject
Project("{2150E333-8FDC-42A3-9474-1A3956D46DE8}") = "Aggregators", "Aggregators", "{F701CACF-59E9-45C1-81EE-206CD2C63B07}"
EndProject
Project("{9A19103F-16F7-4668-BE54-9A1E7A4F7556}") = "Canaan.Tests.Aggregators", "..\tests\Canaan.Tests.Aggregators\Canaan.Tests.Aggregators.csproj", "{E5514617-EE5D-4936-AAC8-2ADA3325C783}"
EndProject
Project("{9A19103F-16F7-4668-BE54-9A1E7A4F7556}") = "Canaan.Aggregator.BingNews", "Aggregators\Canaan.Aggregator.BingNews\Canaan.Aggregator.BingNews.csproj", "{F2CE2418-6319-4529-9E09-64DB8E7B9325}"
EndProject
Project("{2150E333-8FDC-42A3-9474-1A3956D46DE8}") = "Extractors", "Extractors", "{0FF5BA94-B568-4336-91E6-96D864358CC3}"
EndProject
Project("{9A19103F-16F7-4668-BE54-9A1E7A4F7556}") = "Canaan.Extractor.WebScraper", "Extractors\Canaan.Extractor.WebScraper\Canaan.Extractor.WebScraper.csproj", "{C02938B9-0BCF-44DD-99FC-0EC32AB81E29}"
EndProject
Project("{2150E333-8FDC-42A3-9474-1A3956D46DE8}") = "Scripts", "Scripts", "{89DC3CE1-D090-4C86-A460-90217AD4254C}"
	ProjectSection(SolutionItems) = preProject
		Scripts\ExtractMercurySelectors.fsx = Scripts\ExtractMercurySelectors.fsx
	EndProjectSection
EndProject
Project("{9A19103F-16F7-4668-BE54-9A1E7A4F7556}") = "Canaan.Tests.Extractors", "..\tests\Canaan.Tests.Extractors\Canaan.Tests.Extractors.csproj", "{C53B0F27-F723-4575-90B3-EC220C325622}"
EndProject
Project("{FAE04EC0-301F-11D3-BF4B-00C04F79EFBC}") = "Canaan.Extractors.ContentSelectors.Cli", "Canaan.Extractors.ContentSelectors.Cli\Canaan.Extractors.ContentSelectors.Cli.csproj", "{8440A8A3-1581-4C88-BF7B-AD5B9C9EC0DA}"
EndProject
Project("{FAE04EC0-301F-11D3-BF4B-00C04F79EFBC}") = "Canaan.Aggregator.NewsAPI", "Aggregators\Canaan.Aggregator.NewsAPI\Canaan.Aggregator.NewsAPI.csproj", "{03EAA3F3-616A-4BCD-896B-0F1DB602B670}"
EndProject
Global
	GlobalSection(SolutionConfigurationPlatforms) = preSolution
		Debug|Any CPU = Debug|Any CPU
		Release|Any CPU = Release|Any CPU
	EndGlobalSection
	GlobalSection(ProjectConfigurationPlatforms) = postSolution
		{5330B71F-BD0E-4A3D-AE02-02E0784C652B}.Debug|Any CPU.ActiveCfg = Debug|Any CPU
		{5330B71F-BD0E-4A3D-AE02-02E0784C652B}.Debug|Any CPU.Build.0 = Debug|Any CPU
		{5330B71F-BD0E-4A3D-AE02-02E0784C652B}.Release|Any CPU.ActiveCfg = Release|Any CPU
		{5330B71F-BD0E-4A3D-AE02-02E0784C652B}.Release|Any CPU.Build.0 = Release|Any CPU
		{86A5129E-E3E8-48F6-8176-85664DFC54EC}.Debug|Any CPU.ActiveCfg = Debug|Any CPU
		{86A5129E-E3E8-48F6-8176-85664DFC54EC}.Debug|Any CPU.Build.0 = Debug|Any CPU
		{86A5129E-E3E8-48F6-8176-85664DFC54EC}.Release|Any CPU.ActiveCfg = Release|Any CPU
		{86A5129E-E3E8-48F6-8176-85664DFC54EC}.Release|Any CPU.Build.0 = Release|Any CPU
		{2ACC3337-9470-4443-9E71-B6F74A01281F}.Debug|Any CPU.ActiveCfg = Debug|Any CPU
		{2ACC3337-9470-4443-9E71-B6F74A01281F}.Debug|Any CPU.Build.0 = Debug|Any CPU
		{2ACC3337-9470-4443-9E71-B6F74A01281F}.Release|Any CPU.ActiveCfg = Release|Any CPU
		{2ACC3337-9470-4443-9E71-B6F74A01281F}.Release|Any CPU.Build.0 = Release|Any CPU
		{EEDAE73F-5A31-4DDE-98D8-1F900BAC1E18}.Debug|Any CPU.ActiveCfg = Debug|Any CPU
		{EEDAE73F-5A31-4DDE-98D8-1F900BAC1E18}.Debug|Any CPU.Build.0 = Debug|Any CPU
		{EEDAE73F-5A31-4DDE-98D8-1F900BAC1E18}.Release|Any CPU.ActiveCfg = Release|Any CPU
		{EEDAE73F-5A31-4DDE-98D8-1F900BAC1E18}.Release|Any CPU.Build.0 = Release|Any CPU
		{9E2CF36F-577B-4101-9122-06BC2E05C9DC}.Debug|Any CPU.ActiveCfg = Debug|Any CPU
		{9E2CF36F-577B-4101-9122-06BC2E05C9DC}.Debug|Any CPU.Build.0 = Debug|Any CPU
		{9E2CF36F-577B-4101-9122-06BC2E05C9DC}.Release|Any CPU.ActiveCfg = Release|Any CPU
		{9E2CF36F-577B-4101-9122-06BC2E05C9DC}.Release|Any CPU.Build.0 = Release|Any CPU
		{E5514617-EE5D-4936-AAC8-2ADA3325C783}.Debug|Any CPU.ActiveCfg = Debug|Any CPU
		{E5514617-EE5D-4936-AAC8-2ADA3325C783}.Debug|Any CPU.Build.0 = Debug|Any CPU
		{E5514617-EE5D-4936-AAC8-2ADA3325C783}.Release|Any CPU.ActiveCfg = Release|Any CPU
		{E5514617-EE5D-4936-AAC8-2ADA3325C783}.Release|Any CPU.Build.0 = Release|Any CPU
		{F2CE2418-6319-4529-9E09-64DB8E7B9325}.Debug|Any CPU.ActiveCfg = Debug|Any CPU
		{F2CE2418-6319-4529-9E09-64DB8E7B9325}.Debug|Any CPU.Build.0 = Debug|Any CPU
		{F2CE2418-6319-4529-9E09-64DB8E7B9325}.Release|Any CPU.ActiveCfg = Release|Any CPU
		{F2CE2418-6319-4529-9E09-64DB8E7B9325}.Release|Any CPU.Build.0 = Release|Any CPU
		{C02938B9-0BCF-44DD-99FC-0EC32AB81E29}.Debug|Any CPU.ActiveCfg = Debug|Any CPU
		{C02938B9-0BCF-44DD-99FC-0EC32AB81E29}.Debug|Any CPU.Build.0 = Debug|Any CPU
		{C02938B9-0BCF-44DD-99FC-0EC32AB81E29}.Release|Any CPU.ActiveCfg = Release|Any CPU
		{C02938B9-0BCF-44DD-99FC-0EC32AB81E29}.Release|Any CPU.Build.0 = Release|Any CPU
		{C53B0F27-F723-4575-90B3-EC220C325622}.Debug|Any CPU.ActiveCfg = Debug|Any CPU
		{C53B0F27-F723-4575-90B3-EC220C325622}.Debug|Any CPU.Build.0 = Debug|Any CPU
		{C53B0F27-F723-4575-90B3-EC220C325622}.Release|Any CPU.ActiveCfg = Release|Any CPU
		{C53B0F27-F723-4575-90B3-EC220C325622}.Release|Any CPU.Build.0 = Release|Any CPU
		{8440A8A3-1581-4C88-BF7B-AD5B9C9EC0DA}.Debug|Any CPU.ActiveCfg = Debug|Any CPU
		{8440A8A3-1581-4C88-BF7B-AD5B9C9EC0DA}.Debug|Any CPU.Build.0 = Debug|Any CPU
		{8440A8A3-1581-4C88-BF7B-AD5B9C9EC0DA}.Release|Any CPU.ActiveCfg = Release|Any CPU
		{8440A8A3-1581-4C88-BF7B-AD5B9C9EC0DA}.Release|Any CPU.Build.0 = Release|Any CPU
		{03EAA3F3-616A-4BCD-896B-0F1DB602B670}.Debug|Any CPU.ActiveCfg = Debug|Any CPU
		{03EAA3F3-616A-4BCD-896B-0F1DB602B670}.Debug|Any CPU.Build.0 = Debug|Any CPU
		{03EAA3F3-616A-4BCD-896B-0F1DB602B670}.Release|Any CPU.ActiveCfg = Release|Any CPU
		{03EAA3F3-616A-4BCD-896B-0F1DB602B670}.Release|Any CPU.Build.0 = Release|Any CPU
	EndGlobalSection
	GlobalSection(SolutionProperties) = preSolution
		HideSolutionNode = FALSE
	EndGlobalSection
	GlobalSection(NestedProjects) = preSolution
		{5330B71F-BD0E-4A3D-AE02-02E0784C652B} = {7B0610D3-90C5-4FB3-94C3-880C50E208E8}
		{86A5129E-E3E8-48F6-8176-85664DFC54EC} = {F1A77A3C-0D6D-4C4B-9CBA-A6CD45FC9261}
		{2ACC3337-9470-4443-9E71-B6F74A01281F} = {D334D069-38C0-4ACB-B707-078A15801B47}
		{EEDAE73F-5A31-4DDE-98D8-1F900BAC1E18} = {D334D069-38C0-4ACB-B707-078A15801B47}
		{9E2CF36F-577B-4101-9122-06BC2E05C9DC} = {7B0610D3-90C5-4FB3-94C3-880C50E208E8}
		{E5514617-EE5D-4936-AAC8-2ADA3325C783} = {D334D069-38C0-4ACB-B707-078A15801B47}
		{F2CE2418-6319-4529-9E09-64DB8E7B9325} = {F701CACF-59E9-45C1-81EE-206CD2C63B07}
		{C02938B9-0BCF-44DD-99FC-0EC32AB81E29} = {0FF5BA94-B568-4336-91E6-96D864358CC3}
		{C53B0F27-F723-4575-90B3-EC220C325622} = {D334D069-38C0-4ACB-B707-078A15801B47}
		{8440A8A3-1581-4C88-BF7B-AD5B9C9EC0DA} = {0FF5BA94-B568-4336-91E6-96D864358CC3}
		{03EAA3F3-616A-4BCD-896B-0F1DB602B670} = {F701CACF-59E9-45C1-81EE-206CD2C63B07}
	EndGlobalSection
	GlobalSection(ExtensibilityGlobals) = postSolution
		SolutionGuid = {9DC3F2E7-0877-4A12-B952-008477D8DEB6}
	EndGlobalSection
EndGlobal
